// !$*UTF8*$!
{
	archiveVersion = 1;
	classes = {
	};
	objectVersion = 50;
	objects = {

/* Begin PBXBuildFile section */
		11D35788225057F00035D260 /* AppDelegate.swift in Sources */ = {isa = PBXBuildFile; fileRef = 11D35787225057F00035D260 /* AppDelegate.swift */; };
		11D3578A225057F00035D260 /* ViewController.swift in Sources */ = {isa = PBXBuildFile; fileRef = 11D35789225057F00035D260 /* ViewController.swift */; };
		11D3578D225057F00035D260 /* Main.storyboard in Resources */ = {isa = PBXBuildFile; fileRef = 11D3578B225057F00035D260 /* Main.storyboard */; };
		11D3578F225057F20035D260 /* Assets.xcassets in Resources */ = {isa = PBXBuildFile; fileRef = 11D3578E225057F20035D260 /* Assets.xcassets */; };
		11D35792225057F20035D260 /* LaunchScreen.storyboard in Resources */ = {isa = PBXBuildFile; fileRef = 11D35790225057F20035D260 /* LaunchScreen.storyboard */; };
		11D3579D225057F20035D260 /* CountTests.swift in Sources */ = {isa = PBXBuildFile; fileRef = 11D3579C225057F20035D260 /* CountTests.swift */; };
		11D357A8225057F20035D260 /* CountUITests.swift in Sources */ = {isa = PBXBuildFile; fileRef = 11D357A7225057F20035D260 /* CountUITests.swift */; };
/* End PBXBuildFile section */

/* Begin PBXContainerItemProxy section */
		11D35799225057F20035D260 /* PBXContainerItemProxy */ = {
			isa = PBXContainerItemProxy;
			containerPortal = 11D3577C225057F00035D260 /* Project object */;
			proxyType = 1;
			remoteGlobalIDString = 11D35783225057F00035D260;
			remoteInfo = Count;
		};
		11D357A4225057F20035D260 /* PBXContainerItemProxy */ = {
			isa = PBXContainerItemProxy;
			containerPortal = 11D3577C225057F00035D260 /* Project object */;
			proxyType = 1;
			remoteGlobalIDString = 11D35783225057F00035D260;
			remoteInfo = Count;
		};
/* End PBXContainerItemProxy section */

/* Begin PBXFileReference section */
		11D35784225057F00035D260 /* Count.app */ = {isa = PBXFileReference; explicitFileType = wrapper.application; includeInIndex = 0; path = Count.app; sourceTree = BUILT_PRODUCTS_DIR; };
		11D35787225057F00035D260 /* AppDelegate.swift */ = {isa = PBXFileReference; lastKnownFileType = sourcecode.swift; path = AppDelegate.swift; sourceTree = "<group>"; };
		11D35789225057F00035D260 /* ViewController.swift */ = {isa = PBXFileReference; lastKnownFileType = sourcecode.swift; path = ViewController.swift; sourceTree = "<group>"; };
		11D3578C225057F00035D260 /* Base */ = {isa = PBXFileReference; lastKnownFileType = file.storyboard; name = Base; path = Base.lproj/Main.storyboard; sourceTree = "<group>"; };
		11D3578E225057F20035D260 /* Assets.xcassets */ = {isa = PBXFileReference; lastKnownFileType = folder.assetcatalog; path = Assets.xcassets; sourceTree = "<group>"; };
		11D35791225057F20035D260 /* Base */ = {isa = PBXFileReference; lastKnownFileType = file.storyboard; name = Base; path = Base.lproj/LaunchScreen.storyboard; sourceTree = "<group>"; };
		11D35793225057F20035D260 /* Info.plist */ = {isa = PBXFileReference; lastKnownFileType = text.plist.xml; path = Info.plist; sourceTree = "<group>"; };
		11D35798225057F20035D260 /* CountTests.xctest */ = {isa = PBXFileReference; explicitFileType = wrapper.cfbundle; includeInIndex = 0; path = CountTests.xctest; sourceTree = BUILT_PRODUCTS_DIR; };
		11D3579C225057F20035D260 /* CountTests.swift */ = {isa = PBXFileReference; lastKnownFileType = sourcecode.swift; path = CountTests.swift; sourceTree = "<group>"; };
		11D3579E225057F20035D260 /* Info.plist */ = {isa = PBXFileReference; lastKnownFileType = text.plist.xml; path = Info.plist; sourceTree = "<group>"; };
		11D357A3225057F20035D260 /* CountUITests.xctest */ = {isa = PBXFileReference; explicitFileType = wrapper.cfbundle; includeInIndex = 0; path = CountUITests.xctest; sourceTree = BUILT_PRODUCTS_DIR; };
		11D357A7225057F20035D260 /* CountUITests.swift */ = {isa = PBXFileReference; lastKnownFileType = sourcecode.swift; path = CountUITests.swift; sourceTree = "<group>"; };
		11D357A9225057F20035D260 /* Info.plist */ = {isa = PBXFileReference; lastKnownFileType = text.plist.xml; path = Info.plist; sourceTree = "<group>"; };
/* End PBXFileReference section */

/* Begin PBXFrameworksBuildPhase section */
		11D35781225057F00035D260 /* Frameworks */ = {
			isa = PBXFrameworksBuildPhase;
			buildActionMask = 2147483647;
			files = (
			);
			runOnlyForDeploymentPostprocessing = 0;
		};
		11D35795225057F20035D260 /* Frameworks */ = {
			isa = PBXFrameworksBuildPhase;
			buildActionMask = 2147483647;
			files = (
			);
			runOnlyForDeploymentPostprocessing = 0;
		};
		11D357A0225057F20035D260 /* Frameworks */ = {
			isa = PBXFrameworksBuildPhase;
			buildActionMask = 2147483647;
			files = (
			);
			runOnlyForDeploymentPostprocessing = 0;
		};
/* End PBXFrameworksBuildPhase section */

/* Begin PBXGroup section */
		11D3577B225057F00035D260 = {
			isa = PBXGroup;
			children = (
				11D35786225057F00035D260 /* Count */,
				11D3579B225057F20035D260 /* CountTests */,
				11D357A6225057F20035D260 /* CountUITests */,
				11D35785225057F00035D260 /* Products */,
			);
			sourceTree = "<group>";
		};
		11D35785225057F00035D260 /* Products */ = {
			isa = PBXGroup;
			children = (
				11D35784225057F00035D260 /* Count.app */,
				11D35798225057F20035D260 /* CountTests.xctest */,
				11D357A3225057F20035D260 /* CountUITests.xctest */,
			);
			name = Products;
			sourceTree = "<group>";
		};
		11D35786225057F00035D260 /* Count */ = {
			isa = PBXGroup;
			children = (
				11D35787225057F00035D260 /* AppDelegate.swift */,
				11D35789225057F00035D260 /* ViewController.swift */,
				11D3578B225057F00035D260 /* Main.storyboard */,
				11D3578E225057F20035D260 /* Assets.xcassets */,
				11D35790225057F20035D260 /* LaunchScreen.storyboard */,
				11D35793225057F20035D260 /* Info.plist */,
			);
			path = Count;
			sourceTree = "<group>";
		};
		11D3579B225057F20035D260 /* CountTests */ = {
			isa = PBXGroup;
			children = (
				11D3579C225057F20035D260 /* CountTests.swift */,
				11D3579E225057F20035D260 /* Info.plist */,
			);
			path = CountTests;
			sourceTree = "<group>";
		};
		11D357A6225057F20035D260 /* CountUITests */ = {
			isa = PBXGroup;
			children = (
				11D357A7225057F20035D260 /* CountUITests.swift */,
				11D357A9225057F20035D260 /* Info.plist */,
			);
			path = CountUITests;
			sourceTree = "<group>";
		};
/* End PBXGroup section */

/* Begin PBXNativeTarget section */
		11D35783225057F00035D260 /* Count */ = {
			isa = PBXNativeTarget;
			buildConfigurationList = 11D357AC225057F20035D260 /* Build configuration list for PBXNativeTarget "Count" */;
			buildPhases = (
				11D35780225057F00035D260 /* Sources */,
				11D35781225057F00035D260 /* Frameworks */,
				11D35782225057F00035D260 /* Resources */,
			);
			buildRules = (
			);
			dependencies = (
			);
			name = Count;
			productName = Count;
			productReference = 11D35784225057F00035D260 /* Count.app */;
			productType = "com.apple.product-type.application";
		};
		11D35797225057F20035D260 /* CountTests */ = {
			isa = PBXNativeTarget;
			buildConfigurationList = 11D357AF225057F20035D260 /* Build configuration list for PBXNativeTarget "CountTests" */;
			buildPhases = (
				11D35794225057F20035D260 /* Sources */,
				11D35795225057F20035D260 /* Frameworks */,
				11D35796225057F20035D260 /* Resources */,
			);
			buildRules = (
			);
			dependencies = (
				11D3579A225057F20035D260 /* PBXTargetDependency */,
			);
			name = CountTests;
			productName = CountTests;
			productReference = 11D35798225057F20035D260 /* CountTests.xctest */;
			productType = "com.apple.product-type.bundle.unit-test";
		};
		11D357A2225057F20035D260 /* CountUITests */ = {
			isa = PBXNativeTarget;
			buildConfigurationList = 11D357B2225057F20035D260 /* Build configuration list for PBXNativeTarget "CountUITests" */;
			buildPhases = (
				11D3579F225057F20035D260 /* Sources */,
				11D357A0225057F20035D260 /* Frameworks */,
				11D357A1225057F20035D260 /* Resources */,
			);
			buildRules = (
			);
			dependencies = (
				11D357A5225057F20035D260 /* PBXTargetDependency */,
			);
			name = CountUITests;
			productName = CountUITests;
			productReference = 11D357A3225057F20035D260 /* CountUITests.xctest */;
			productType = "com.apple.product-type.bundle.ui-testing";
		};
/* End PBXNativeTarget section */

/* Begin PBXProject section */
		11D3577C225057F00035D260 /* Project object */ = {
			isa = PBXProject;
			attributes = {
				LastSwiftUpdateCheck = 1010;
				LastUpgradeCheck = 1010;
				ORGANIZATIONNAME = "Sakine Nishibayashi";
				TargetAttributes = {
					11D35783225057F00035D260 = {
						CreatedOnToolsVersion = 10.1;
					};
					11D35797225057F20035D260 = {
						CreatedOnToolsVersion = 10.1;
						TestTargetID = 11D35783225057F00035D260;
					};
					11D357A2225057F20035D260 = {
						CreatedOnToolsVersion = 10.1;
						TestTargetID = 11D35783225057F00035D260;
					};
				};
			};
			buildConfigurationList = 11D3577F225057F00035D260 /* Build configuration list for PBXProject "Count" */;
			compatibilityVersion = "Xcode 9.3";
			developmentRegion = en;
			hasScannedForEncodings = 0;
			knownRegions = (
				en,
				Base,
			);
			mainGroup = 11D3577B225057F00035D260;
			productRefGroup = 11D35785225057F00035D260 /* Products */;
			projectDirPath = "";
			projectRoot = "";
			targets = (
				11D35783225057F00035D260 /* Count */,
				11D35797225057F20035D260 /* CountTests */,
				11D357A2225057F20035D260 /* CountUITests */,
			);
		};
/* End PBXProject section */

/* Begin PBXResourcesBuildPhase section */
		11D35782225057F00035D260 /* Resources */ = {
			isa = PBXResourcesBuildPhase;
			buildActionMask = 2147483647;
			files = (
				11D35792225057F20035D260 /* LaunchScreen.storyboard in Resources */,
				11D3578F225057F20035D260 /* Assets.xcassets in Resources */,
				11D3578D225057F00035D260 /* Main.storyboard in Resources */,
			);
			runOnlyForDeploymentPostprocessing = 0;
		};
		11D35796225057F20035D260 /* Resources */ = {
			isa = PBXResourcesBuildPhase;
			buildActionMask = 2147483647;
			files = (
			);
			runOnlyForDeploymentPostprocessing = 0;
		};
		11D357A1225057F20035D260 /* Resources */ = {
			isa = PBXResourcesBuildPhase;
			buildActionMask = 2147483647;
			files = (
			);
			runOnlyForDeploymentPostprocessing = 0;
		};
/* End PBXResourcesBuildPhase section */

/* Begin PBXSourcesBuildPhase section */
		11D35780225057F00035D260 /* Sources */ = {
			isa = PBXSourcesBuildPhase;
			buildActionMask = 2147483647;
			files = (
				11D3578A225057F00035D260 /* ViewController.swift in Sources */,
				11D35788225057F00035D260 /* AppDelegate.swift in Sources */,
			);
			runOnlyForDeploymentPostprocessing = 0;
		};
		11D35794225057F20035D260 /* Sources */ = {
			isa = PBXSourcesBuildPhase;
			buildActionMask = 2147483647;
			files = (
				11D3579D225057F20035D260 /* CountTests.swift in Sources */,
			);
			runOnlyForDeploymentPostprocessing = 0;
		};
		11D3579F225057F20035D260 /* Sources */ = {
			isa = PBXSourcesBuildPhase;
			buildActionMask = 2147483647;
			files = (
				11D357A8225057F20035D260 /* CountUITests.swift in Sources */,
			);
			runOnlyForDeploymentPostprocessing = 0;
		};
/* End PBXSourcesBuildPhase section */

/* Begin PBXTargetDependency section */
		11D3579A225057F20035D260 /* PBXTargetDependency */ = {
			isa = PBXTargetDependency;
			target = 11D35783225057F00035D260 /* Count */;
			targetProxy = 11D35799225057F20035D260 /* PBXContainerItemProxy */;
		};
		11D357A5225057F20035D260 /* PBXTargetDependency */ = {
			isa = PBXTargetDependency;
			target = 11D35783225057F00035D260 /* Count */;
			targetProxy = 11D357A4225057F20035D260 /* PBXContainerItemProxy */;
		};
/* End PBXTargetDependency section */

/* Begin PBXVariantGroup section */
		11D3578B225057F00035D260 /* Main.storyboard */ = {
			isa = PBXVariantGroup;
			children = (
				11D3578C225057F00035D260 /* Base */,
			);
			name = Main.storyboard;
			sourceTree = "<group>";
		};
		11D35790225057F20035D260 /* LaunchScreen.storyboard */ = {
			isa = PBXVariantGroup;
			children = (
				11D35791225057F20035D260 /* Base */,
			);
			name = LaunchScreen.storyboard;
			sourceTree = "<group>";
		};
/* End PBXVariantGroup section */

/* Begin XCBuildConfiguration section */
		11D357AA225057F20035D260 /* Debug */ = {
			isa = XCBuildConfiguration;
			buildSettings = {
				ALWAYS_SEARCH_USER_PATHS = NO;
				CLANG_ANALYZER_NONNULL = YES;
				CLANG_ANALYZER_NUMBER_OBJECT_CONVERSION = YES_AGGRESSIVE;
				CLANG_CXX_LANGUAGE_STANDARD = "gnu++14";
				CLANG_CXX_LIBRARY = "libc++";
				CLANG_ENABLE_MODULES = YES;
				CLANG_ENABLE_OBJC_ARC = YES;
				CLANG_ENABLE_OBJC_WEAK = YES;
				CLANG_WARN_BLOCK_CAPTURE_AUTORELEASING = YES;
				CLANG_WARN_BOOL_CONVERSION = YES;
				CLANG_WARN_COMMA = YES;
				CLANG_WARN_CONSTANT_CONVERSION = YES;
				CLANG_WARN_DEPRECATED_OBJC_IMPLEMENTATIONS = YES;
				CLANG_WARN_DIRECT_OBJC_ISA_USAGE = YES_ERROR;
				CLANG_WARN_DOCUMENTATION_COMMENTS = YES;
				CLANG_WARN_EMPTY_BODY = YES;
				CLANG_WARN_ENUM_CONVERSION = YES;
				CLANG_WARN_INFINITE_RECURSION = YES;
				CLANG_WARN_INT_CONVERSION = YES;
				CLANG_WARN_NON_LITERAL_NULL_CONVERSION = YES;
				CLANG_WARN_OBJC_IMPLICIT_RETAIN_SELF = YES;
				CLANG_WARN_OBJC_LITERAL_CONVERSION = YES;
				CLANG_WARN_OBJC_ROOT_CLASS = YES_ERROR;
				CLANG_WARN_RANGE_LOOP_ANALYSIS = YES;
				CLANG_WARN_STRICT_PROTOTYPES = YES;
				CLANG_WARN_SUSPICIOUS_MOVE = YES;
				CLANG_WARN_UNGUARDED_AVAILABILITY = YES_AGGRESSIVE;
				CLANG_WARN_UNREACHABLE_CODE = YES;
				CLANG_WARN__DUPLICATE_METHOD_MATCH = YES;
				CODE_SIGN_IDENTITY = "iPhone Developer";
				COPY_PHASE_STRIP = NO;
				DEBUG_INFORMATION_FORMAT = dwarf;
				ENABLE_STRICT_OBJC_MSGSEND = YES;
				ENABLE_TESTABILITY = YES;
				GCC_C_LANGUAGE_STANDARD = gnu11;
				GCC_DYNAMIC_NO_PIC = NO;
				GCC_NO_COMMON_BLOCKS = YES;
				GCC_OPTIMIZATION_LEVEL = 0;
				GCC_PREPROCESSOR_DEFINITIONS = (
					"DEBUG=1",
					"$(inherited)",
				);
				GCC_WARN_64_TO_32_BIT_CONVERSION = YES;
				GCC_WARN_ABOUT_RETURN_TYPE = YES_ERROR;
				GCC_WARN_UNDECLARED_SELECTOR = YES;
				GCC_WARN_UNINITIALIZED_AUTOS = YES_AGGRESSIVE;
				GCC_WARN_UNUSED_FUNCTION = YES;
				GCC_WARN_UNUSED_VARIABLE = YES;
				IPHONEOS_DEPLOYMENT_TARGET = 12.1;
				MTL_ENABLE_DEBUG_INFO = INCLUDE_SOURCE;
				MTL_FAST_MATH = YES;
				ONLY_ACTIVE_ARCH = YES;
				SDKROOT = iphoneos;
				SWIFT_ACTIVE_COMPILATION_CONDITIONS = DEBUG;
				SWIFT_OPTIMIZATION_LEVEL = "-Onone";
			};
			name = Debug;
		};
		11D357AB225057F20035D260 /* Release */ = {
			isa = XCBuildConfiguration;
			buildSettings = {
				ALWAYS_SEARCH_USER_PATHS = NO;
				CLANG_ANALYZER_NONNULL = YES;
				CLANG_ANALYZER_NUMBER_OBJECT_CONVERSION = YES_AGGRESSIVE;
				CLANG_CXX_LANGUAGE_STANDARD = "gnu++14";
				CLANG_CXX_LIBRARY = "libc++";
				CLANG_ENABLE_MODULES = YES;
				CLANG_ENABLE_OBJC_ARC = YES;
				CLANG_ENABLE_OBJC_WEAK = YES;
				CLANG_WARN_BLOCK_CAPTURE_AUTORELEASING = YES;
				CLANG_WARN_BOOL_CONVERSION = YES;
				CLANG_WARN_COMMA = YES;
				CLANG_WARN_CONSTANT_CONVERSION = YES;
				CLANG_WARN_DEPRECATED_OBJC_IMPLEMENTATIONS = YES;
				CLANG_WARN_DIRECT_OBJC_ISA_USAGE = YES_ERROR;
				CLANG_WARN_DOCUMENTATION_COMMENTS = YES;
				CLANG_WARN_EMPTY_BODY = YES;
				CLANG_WARN_ENUM_CONVERSION = YES;
				CLANG_WARN_INFINITE_RECURSION = YES;
				CLANG_WARN_INT_CONVERSION = YES;
				CLANG_WARN_NON_LITERAL_NULL_CONVERSION = YES;
				CLANG_WARN_OBJC_IMPLICIT_RETAIN_SELF = YES;
				CLANG_WARN_OBJC_LITERAL_CONVERSION = YES;
				CLANG_WARN_OBJC_ROOT_CLASS = YES_ERROR;
				CLANG_WARN_RANGE_LOOP_ANALYSIS = YES;
				CLANG_WARN_STRICT_PROTOTYPES = YES;
				CLANG_WARN_SUSPICIOUS_MOVE = YES;
				CLANG_WARN_UNGUARDED_AVAILABILITY = YES_AGGRESSIVE;
				CLANG_WARN_UNREACHABLE_CODE = YES;
				CLANG_WARN__DUPLICATE_METHOD_MATCH = YES;
				CODE_SIGN_IDENTITY = "iPhone Developer";
				COPY_PHASE_STRIP = NO;
				DEBUG_INFORMATION_FORMAT = "dwarf-with-dsym";
				ENABLE_NS_ASSERTIONS = NO;
				ENABLE_STRICT_OBJC_MSGSEND = YES;
				GCC_C_LANGUAGE_STANDARD = gnu11;
				GCC_NO_COMMON_BLOCKS = YES;
				GCC_WARN_64_TO_32_BIT_CONVERSION = YES;
				GCC_WARN_ABOUT_RETURN_TYPE = YES_ERROR;
				GCC_WARN_UNDECLARED_SELECTOR = YES;
				GCC_WARN_UNINITIALIZED_AUTOS = YES_AGGRESSIVE;
				GCC_WARN_UNUSED_FUNCTION = YES;
				GCC_WARN_UNUSED_VARIABLE = YES;
				IPHONEOS_DEPLOYMENT_TARGET = 12.1;
				MTL_ENABLE_DEBUG_INFO = NO;
				MTL_FAST_MATH = YES;
				SDKROOT = iphoneos;
				SWIFT_COMPILATION_MODE = wholemodule;
				SWIFT_OPTIMIZATION_LEVEL = "-O";
				VALIDATE_PRODUCT = YES;
			};
			name = Release;
		};
		11D357AD225057F20035D260 /* Debug */ = {
			isa = XCBuildConfiguration;
			buildSettings = {
				ASSETCATALOG_COMPILER_APPICON_NAME = AppIcon;
				CODE_SIGN_STYLE = Automatic;
				DEVELOPMENT_TEAM = W2T75EV2YE;
				INFOPLIST_FILE = Count/Info.plist;
				LD_RUNPATH_SEARCH_PATHS = (
					"$(inherited)",
					"@executable_path/Frameworks",
				);
				PRODUCT_BUNDLE_IDENTIFIER = sakine.Count;
				PRODUCT_NAME = "$(TARGET_NAME)";
				SWIFT_VERSION = 4.2;
				TARGETED_DEVICE_FAMILY = "1,2";
			};
			name = Debug;
		};
		11D357AE225057F20035D260 /* Release */ = {
			isa = XCBuildConfiguration;
			buildSettings = {
				ASSETCATALOG_COMPILER_APPICON_NAME = AppIcon;
				CODE_SIGN_STYLE = Automatic;
				DEVELOPMENT_TEAM = W2T75EV2YE;
				INFOPLIST_FILE = Count/Info.plist;
				LD_RUNPATH_SEARCH_PATHS = (
					"$(inherited)",
					"@executable_path/Frameworks",
				);
				PRODUCT_BUNDLE_IDENTIFIER = sakine.Count;
				PRODUCT_NAME = "$(TARGET_NAME)";
				SWIFT_VERSION = 4.2;
				TARGETED_DEVICE_FAMILY = "1,2";
			};
			name = Release;
		};
		11D357B0225057F20035D260 /* Debug */ = {
			isa = XCBuildConfiguration;
			buildSettings = {
				ALWAYS_EMBED_SWIFT_STANDARD_LIBRARIES = YES;
				BUNDLE_LOADER = "$(TEST_HOST)";
				CODE_SIGN_STYLE = Automatic;
				DEVELOPMENT_TEAM = W2T75EV2YE;
				INFOPLIST_FILE = CountTests/Info.plist;
				LD_RUNPATH_SEARCH_PATHS = (
					"$(inherited)",
					"@executable_path/Frameworks",
					"@loader_path/Frameworks",
				);
				PRODUCT_BUNDLE_IDENTIFIER = sakine.CountTests;
				PRODUCT_NAME = "$(TARGET_NAME)";
				SWIFT_VERSION = 4.2;
				TARGETED_DEVICE_FAMILY = "1,2";
				TEST_HOST = "$(BUILT_PRODUCTS_DIR)/Count.app/Count";
			};
			name = Debug;
		};
		11D357B1225057F20035D260 /* Release */ = {
			isa = XCBuildConfiguration;
			buildSettings = {
				ALWAYS_EMBED_SWIFT_STANDARD_LIBRARIES = YES;
				BUNDLE_LOADER = "$(TEST_HOST)";
				CODE_SIGN_STYLE = Automatic;
				DEVELOPMENT_TEAM = W2T75EV2YE;
				INFOPLIST_FILE = CountTests/Info.plist;
				LD_RUNPATH_SEARCH_PATHS = (
					"$(inherited)",
					"@executable_path/Frameworks",
					"@loader_path/Frameworks",
				);
				PRODUCT_BUNDLE_IDENTIFIER = sakine.CountTests;
				PRODUCT_NAME = "$(TARGET_NAME)";
				SWIFT_VERSION = 4.2;
				TARGETED_DEVICE_FAMILY = "1,2";
				TEST_HOST = "$(BUILT_PRODUCTS_DIR)/Count.app/Count";
			};
			name = Release;
		};
		11D357B3225057F20035D260 /* Debug */ = {
			isa = XCBuildConfiguration;
			buildSettings = {
				ALWAYS_EMBED_SWIFT_STANDARD_LIBRARIES = YES;
				CODE_SIGN_STYLE = Automatic;
				DEVELOPMENT_TEAM = W2T75EV2YE;
				INFOPLIST_FILE = CountUITests/Info.plist;
				LD_RUNPATH_SEARCH_PATHS = (
					"$(inherited)",
					"@executable_path/Frameworks",
					"@loader_path/Frameworks",
				);
				PRODUCT_BUNDLE_IDENTIFIER = sakine.CountUITests;
				PRODUCT_NAME = "$(TARGET_NAME)";
				SWIFT_VERSION = 4.2;
				TARGETED_DEVICE_FAMILY = "1,2";
				TEST_TARGET_NAME = Count;
			};
			name = Debug;
		};
		11D357B4225057F20035D260 /* Release */ = {
			isa = XCBuildConfiguration;
			buildSettings = {
				ALWAYS_EMBED_SWIFT_STANDARD_LIBRARIES = YES;
				CODE_SIGN_STYLE = Automatic;
				DEVELOPMENT_TEAM = W2T75EV2YE;
				INFOPLIST_FILE = CountUITests/Info.plist;
				LD_RUNPATH_SEARCH_PATHS = (
					"$(inherited)",
					"@executable_path/Frameworks",
					"@loader_path/Frameworks",
				);
				PRODUCT_BUNDLE_IDENTIFIER = sakine.CountUITests;
				PRODUCT_NAME = "$(TARGET_NAME)";
				SWIFT_VERSION = 4.2;
				TARGETED_DEVICE_FAMILY = "1,2";
				TEST_TARGET_NAME = Count;
			};
			name = Release;
		};
/* End XCBuildConfiguration section */

/* Begin XCConfigurationList section */
		11D3577F225057F00035D260 /* Build configuration list for PBXProject "Count" */ = {
			isa = XCConfigurationList;
			buildConfigurations = (
				11D357AA225057F20035D260 /* Debug */,
				11D357AB225057F20035D260 /* Release */,
			);
			defaultConfigurationIsVisible = 0;
			defaultConfigurationName = Release;
		};
		11D357AC225057F20035D260 /* Build configuration list for PBXNativeTarget "Count" */ = {
			isa = XCConfigurationList;
			buildConfigurations = (
				11D357AD225057F20035D260 /* Debug */,
				11D357AE225057F20035D260 /* Release */,
			);
			defaultConfigurationIsVisible = 0;
			defaultConfigurationName = Release;
		};
		11D357AF225057F20035D260 /* Build configuration list for PBXNativeTarget "CountTests" */ = {
			isa = XCConfigurationList;
			buildConfigurations = (
				11D357B0225057F20035D260 /* Debug */,
				11D357B1225057F20035D260 /* Release */,
			);
			defaultConfigurationIsVisible = 0;
			defaultConfigurationName = Release;
		};
		11D357B2225057F20035D260 /* Build configuration list for PBXNativeTarget "CountUITests" */ = {
			isa = XCConfigurationList;
			buildConfigurations = (
				11D357B3225057F20035D260 /* Debug */,
				11D357B4225057F20035D260 /* Release */,
			);
			defaultConfigurationIsVisible = 0;
			defaultConfigurationName = Release;
		};
/* End XCConfigurationList section */
	};
	rootObject = 11D3577C225057F00035D260 /* Project object */;
}
